
Microsoft Visual Studio Solution File, Format Version 12.00
# Visual Studio Version 16
VisualStudioVersion = 16.0.29424.173
MinimumVisualStudioVersion = 10.0.40219.1
Project("{FAE04EC0-301F-11D3-BF4B-00C04F79EFBC}") = "DotNetGrpcService", "DotNetGrpcService\DotNetGrpcService.csproj", "{51C71ABB-1D35-4543-898C-0D34EFF832FA}"
EndProject
Global
	GlobalSection(SolutionConfigurationPlatforms) = preSolution
		Debug|Any CPU = Debug|Any CPU
		Release|Any CPU = Release|Any CPU
	EndGlobalSection
	GlobalSection(ProjectConfigurationPlatforms) = postSolution
		{51C71ABB-1D35-4543-898C-0D34EFF832FA}.Debug|Any CPU.ActiveCfg = Debug|Any CPU
		{51C71ABB-1D35-4543-898C-0D34EFF832FA}.Debug|Any CPU.Build.0 = Debug|Any CPU
		{51C71ABB-1D35-4543-898C-0D34EFF832FA}.Release|Any CPU.ActiveCfg = Release|Any CPU
		{51C71ABB-1D35-4543-898C-0D34EFF832FA}.Release|Any CPU.Build.0 = Release|Any CPU
	EndGlobalSection
	GlobalSection(SolutionProperties) = preSolution
		HideSolutionNode = FALSE
	EndGlobalSection
	GlobalSection(ExtensibilityGlobals) = postSolution
		SolutionGuid = {BB4EB881-58FA-4A49-838A-0F0824C47920}
	EndGlobalSection
EndGlobal
